
Microsoft Visual Studio Solution File, Format Version 12.00
# Visual Studio 15
VisualStudioVersion = 15.0.27703.2042
MinimumVisualStudioVersion = 10.0.40219.1
Project("{FAE04EC0-301F-11D3-BF4B-00C04F79EFBC}") = "CERPA", "CERPA\CERPA.csproj", "{F423E1C9-1D14-4070-985A-23CDC20CC637}"
EndProject
Global
	GlobalSection(SolutionConfigurationPlatforms) = preSolution
		Debug|Any CPU = Debug|Any CPU
		Release|Any CPU = Release|Any CPU
	EndGlobalSection
	GlobalSection(ProjectConfigurationPlatforms) = postSolution
		{F423E1C9-1D14-4070-985A-23CDC20CC637}.Debug|Any CPU.ActiveCfg = Debug|Any CPU
		{F423E1C9-1D14-4070-985A-23CDC20CC637}.Debug|Any CPU.Build.0 = Debug|Any CPU
		{F423E1C9-1D14-4070-985A-23CDC20CC637}.Release|Any CPU.ActiveCfg = Release|Any CPU
		{F423E1C9-1D14-4070-985A-23CDC20CC637}.Release|Any CPU.Build.0 = Release|Any CPU
	EndGlobalSection
	GlobalSection(SolutionProperties) = preSolution
		HideSolutionNode = FALSE
	EndGlobalSection
	GlobalSection(ExtensibilityGlobals) = postSolution
		SolutionGuid = {56C75DA1-30FB-43E4-A07E-1334324E7360}
	EndGlobalSection
EndGlobal
